{
  "requires": true,
  "lockfileVersion": 1,
  "dependencies": {
    "fsevents": {
      "version": "file:https:/registry.nlark.com/fsevents/download/fsevents-2.3.2.tgz"
    },
    "rollup": {
      "version": "2.56.3",
      "resolved": "https://registry.nlark.com/rollup/download/rollup-2.56.3.tgz",
      "integrity": "sha1-tj7a3ZhRsNYYptDmr4IBlVp3rv8=",
      "requires": {
        "fsevents": "~2.3.2"
      }
    }
  }
}
